# Generated by conda-lock.
# platform: osx-arm64
# input_hash: 2ec6bbf37fde344f71644487ab052e082e9fdc2d9b2e32ae451049cbc06e63f8
@EXPLICIT
https://conda.anaconda.org/conda-forge/osx-arm64/frozenlist-1.3.0-py38h33210d7_1.tar.bz2#1205f5e0998f5c8f13bf9b85dc2d8300
https://conda.anaconda.org/conda-forge/osx-arm64/c-ares-1.18.1-h3422bc3_0.tar.bz2#5dd04dad345af4f1e8f3f0d5afc03b67
https://conda.anaconda.org/conda-forge/noarch/idna-3.3-pyhd8ed1ab_0.tar.bz2#40b50b8b030f5f2f22085c062ed013dd
https://conda.anaconda.org/conda-forge/noarch/backports-1.0-py_2.tar.bz2#0da16b293affa6ac31812376f8eb79dd
https://conda.anaconda.org/conda-forge/noarch/pyasn1-modules-0.2.7-py_0.tar.bz2#ad1e886d09700b2304975335f714bd9c
https://conda.anaconda.org/conda-forge/noarch/markdown-3.3.6-pyhd8ed1ab_0.tar.bz2#e7cbd93fe74dc4a06b4b494d60c659a9
https://conda.anaconda.org/conda-forge/osx-arm64/grpcio-1.42.0-py38h69ee544_0.tar.bz2#3d6aceb6a45fa230efb5d75c2bd81857
https://conda.anaconda.org/conda-forge/osx-arm64/openssl-1.1.1n-h90dfc92_0.tar.bz2#01ca91096c588803b425ca2b248f82c7
https://conda.anaconda.org/conda-forge/osx-arm64/libcxx-13.0.1-h6a5c8ee_0.tar.bz2#69c139155847bc310018a6199b1e57af
https://conda.anaconda.org/conda-forge/noarch/joblib-1.1.0-pyhd8ed1ab_0.tar.bz2#07d1b5c8cde14d95998fd4767e1e62d2
https://conda.anaconda.org/conda-forge/osx-arm64/gettext-0.19.8.1-h049c9fb_1008.tar.bz2#ce140e40b0c991bf6e111a131418c3c5
https://conda.anaconda.org/conda-forge/osx-arm64/libdeflate-1.10-h3422bc3_0.tar.bz2#94a51083eac1f1143274a7f1bb8839f4
https://conda.anaconda.org/conda-forge/osx-arm64/brotli-bin-1.0.9-h1c322ee_7.tar.bz2#6a8fdf315cf66ba6d29e4cff26ebbd95
https://conda.anaconda.org/conda-forge/osx-arm64/cryptography-36.0.2-py38h7f91714_1.tar.bz2#19098920dba393914931d5c78f6bd98b
https://conda.anaconda.org/conda-forge/noarch/opt_einsum-3.3.0-pyhd8ed1ab_1.tar.bz2#ba523f5bdd2e452e43c73b7e4b928799
https://conda.anaconda.org/conda-forge/osx-arm64/torchvision-0.11.3-cpu_py38h39ff94c_2.tar.bz2#2f0edce40f853b309b4ce0e26ba58c6d
https://conda.anaconda.org/conda-forge/osx-arm64/icu-69.1-hbdafb3b_0.tar.bz2#09aa1288507a285c7161732adbf2eb2b
https://conda.anaconda.org/conda-forge/osx-arm64/pytorch-1.10.2-cpu_py38h7444d52_1.tar.bz2#1671b44cd07bc43cb79284d15a6d9f8c
https://conda.anaconda.org/conda-forge/noarch/pydtmc-6.10.0-pyhd8ed1ab_0.tar.bz2#eb6a56e14bc19ca09d8f8f9ef4ed7985
https://conda.anaconda.org/conda-forge/noarch/pyopenssl-22.0.0-pyhd8ed1ab_0.tar.bz2#1d7e241dfaf5475e893d4b824bb71b44
https://conda.anaconda.org/conda-forge/osx-arm64/tensorflow-base-2.7.0-cpu_py38h93cb87e_0.tar.bz2#709c17a935cd0b218315778826058d98
https://conda.anaconda.org/conda-forge/noarch/wheel-0.37.1-pyhd8ed1ab_0.tar.bz2#1ca02aaf78d9c70d9a81a3bed5752022
https://conda.anaconda.org/conda-forge/noarch/oauthlib-3.2.0-pyhd8ed1ab_0.tar.bz2#ecc95c82c788737d6d33f5d564566d89
https://conda.anaconda.org/conda-forge/noarch/seaborn-base-0.11.2-pyhd8ed1ab_0.tar.bz2#fe2303dc8f1febeb82d927ce8ad153ed
https://conda.anaconda.org/conda-forge/noarch/rsa-4.8-pyhd8ed1ab_0.tar.bz2#0fdcca8ad4e0e66bde199c40f2d1019a
https://conda.anaconda.org/conda-forge/osx-arm64/giflib-5.2.1-h27ca646_2.tar.bz2#fcfaa10e989b15ef30f93b6329c35add
https://conda.anaconda.org/conda-forge/osx-arm64/libev-4.33-h642e427_1.tar.bz2#566dbf70fe79eacdb3c3d3d195a27f55
https://conda.anaconda.org/conda-forge/osx-arm64/libedit-3.1.20191231-hc8eb9b7_2.tar.bz2#30e4362988a2623e9eb34337b83e01f9
https://conda.anaconda.org/conda-forge/noarch/requests-2.27.1-pyhd8ed1ab_0.tar.bz2#7c1c427246b057b8fa97200ecdb2ed62
https://conda.anaconda.org/pytorch/noarch/cpuonly-2.0-0.tar.bz2#1cf3a59ef90a4078c253e3b02c272065
https://conda.anaconda.org/conda-forge/osx-arm64/snappy-1.1.8-hc88da5d_3.tar.bz2#135a8eea821d611227a52a0a1b7c52e9
https://conda.anaconda.org/conda-forge/osx-arm64/xz-5.2.5-h642e427_1.tar.bz2#9ab2316785cb81c464ab9a99512dae71
https://conda.anaconda.org/conda-forge/osx-arm64/readline-8.1-hedafd6a_0.tar.bz2#3ab98d5fd433cd392a1b0781391a9e38
https://conda.anaconda.org/conda-forge/osx-arm64/xorg-libxau-1.0.9-h27ca646_0.tar.bz2#e2fa1f5a28cf0ce02516baf910be132e
https://conda.anaconda.org/conda-forge/osx-arm64/aiohttp-3.8.1-py38h33210d7_1.tar.bz2#8a43bcdfce4555d48c8b109f633d415e
https://conda.anaconda.org/conda-forge/osx-arm64/libbrotlidec-1.0.9-h1c322ee_7.tar.bz2#0b531408c5b9667c12c36efa45237a37
https://conda.anaconda.org/conda-forge/osx-arm64/grpc-cpp-1.42.0-hedfbb7c_1.tar.bz2#85e915bf5d4c3698dcbbf55aae35f74d
https://conda.anaconda.org/conda-forge/osx-arm64/python_abi-3.8-2_cp38.tar.bz2#8b83c8cddade65a6b3ab0dffc33eb0db
https://conda.anaconda.org/conda-forge/osx-arm64/future-0.18.2-py38h10201cd_5.tar.bz2#2c32ccb2bca21e0dbdbf44e37987b570
https://conda.anaconda.org/conda-forge/noarch/tqdm-4.64.0-pyhd8ed1ab_0.tar.bz2#6642233f341e1900d0c8e6eddb979c14
https://conda.anaconda.org/conda-forge/noarch/pip-22.0.4-pyhd8ed1ab_0.tar.bz2#b1239ce8ef2a1eec485c398a683c5bff
https://conda.anaconda.org/conda-forge/osx-arm64/certifi-2021.10.8-py38h10201cd_2.tar.bz2#921b5b4363ffcb7fd19f627fd3422954
https://conda.anaconda.org/conda-forge/noarch/pyasn1-0.4.8-py_0.tar.bz2#06d04c9f8f72ac77911db942eda24fb9
https://conda.anaconda.org/conda-forge/osx-arm64/brotlipy-0.7.0-py38h33210d7_1004.tar.bz2#43ae4160eef6f0180280a344b2c5c6bf
https://conda.anaconda.org/conda-forge/osx-arm64/llvm-openmp-13.0.1-h455960f_1.tar.bz2#526c294ef706fdf305806dff650d4c2f
https://conda.anaconda.org/conda-forge/noarch/gast-0.4.0-pyh9f0ad1d_0.tar.bz2#42323c77b73462199fca93bc8ac9279d
https://conda.anaconda.org/conda-forge/noarch/pyparsing-3.0.7-pyhd8ed1ab_0.tar.bz2#727e2216d9c47455d8ddc060eb2caad9
https://conda.anaconda.org/conda-forge/osx-arm64/kiwisolver-1.4.2-py38h0f71543_1.tar.bz2#ff17cce34bdd0cb0dca5c046c3fd554d
https://conda.anaconda.org/conda-forge/osx-arm64/tensorboard-data-server-0.6.0-py38h10d4710_1.tar.bz2#ac74c930b18b627bd3d9b34fa3873e15
https://conda.anaconda.org/conda-forge/osx-arm64/yarl-1.7.2-py38h33210d7_2.tar.bz2#397235d5d0e3cb996da29abeadcfcdfe
https://conda.anaconda.org/conda-forge/osx-arm64/sqlite-3.37.1-h7e3ccbd_0.tar.bz2#08ab726bfd3f70017289bccd029ac961
https://conda.anaconda.org/conda-forge/osx-arm64/gmp-6.2.1-h9f76cd9_0.tar.bz2#f8140773b6ca51bf32feec9b4290a8c5
https://conda.anaconda.org/conda-forge/osx-arm64/scikit-learn-1.0.2-py38h2cd4032_0.tar.bz2#900cf796105d63f5972b587f57ea4cea
https://conda.anaconda.org/conda-forge/noarch/astunparse-1.6.3-pyhd8ed1ab_0.tar.bz2#000b6f68a0bfaba800ced7500c11780f
https://conda.anaconda.org/conda-forge/osx-arm64/libcblas-3.9.0-13_osxarm64_openblas.tar.bz2#edf690edcb07d6a02fc12c9f31c2dd94
https://conda.anaconda.org/conda-forge/noarch/seaborn-0.11.2-hd8ed1ab_0.tar.bz2#e56b6a19f4b717eca7c68ad78196b075
https://conda.anaconda.org/conda-forge/osx-arm64/libwebp-1.2.2-h0d20362_0.tar.bz2#cb075e1a75ed216a438bdea6b1c787c4
https://conda.anaconda.org/conda-forge/noarch/prettytable-3.2.0-pyhd8ed1ab_0.tar.bz2#c756bde472ecc37559e0ba949cd907a5
https://conda.anaconda.org/conda-forge/osx-arm64/libwebp-base-1.2.2-h3422bc3_1.tar.bz2#f8a72108f792b997fc354c16ef0492e1
https://conda.anaconda.org/conda-forge/osx-arm64/libiconv-1.16-h642e427_0.tar.bz2#981f3119b0c5d73282401ee66c14ea04
https://conda.anaconda.org/conda-forge/noarch/python-dateutil-2.8.2-pyhd8ed1ab_0.tar.bz2#dd999d1cc9f79e67dbb855c8924c7984
https://conda.anaconda.org/conda-forge/osx-arm64/pyyaml-6.0-py38h33210d7_4.tar.bz2#bff0125dabfd4ad607d6ecdf28d9ad54
https://conda.anaconda.org/conda-forge/osx-arm64/ruamel.yaml-0.17.21-py38h33210d7_1.tar.bz2#d5132fcf5be57dcc788f08ea051cd843
https://conda.anaconda.org/conda-forge/osx-arm64/x264-1!161.3030-h3422bc3_1.tar.bz2#8e89219ee303071f52eba72bbb325ebc
https://conda.anaconda.org/conda-forge/osx-arm64/libgfortran5-11.0.1.dev0-hf114ba7_23.tar.bz2#402c05211a9c339c71a1e82ac8b7ad81
https://conda.anaconda.org/conda-forge/noarch/packaging-21.3-pyhd8ed1ab_0.tar.bz2#71f1ab2de48613876becddd496371c85
https://conda.anaconda.org/conda-forge/osx-arm64/gnutls-3.6.13-h706517b_1.tar.bz2#973628f968cb4b03e8b3b9577f27b39f
https://conda.anaconda.org/conda-forge/osx-arm64/scipy-1.8.0-py38hd0c9ec0_1.tar.bz2#144a05fec9c91a5f7e6510879e3c266c
https://conda.anaconda.org/conda-forge/noarch/charset-normalizer-2.0.12-pyhd8ed1ab_0.tar.bz2#1f5b32dabae0f1893ae3283dac7f799e
https://conda.anaconda.org/conda-forge/osx-arm64/libopenblas-0.3.18-openmp_h5dd58f0_0.tar.bz2#8860a24cd05b691ea33f8c85f9981d4b
https://conda.anaconda.org/conda-forge/osx-arm64/re2-2021.11.01-hbdafb3b_0.tar.bz2#a7cd2d9f1886b8ad370a427f67d72ee0
https://conda.anaconda.org/conda-forge/noarch/requests-oauthlib-1.3.1-pyhd8ed1ab_0.tar.bz2#61b279f051eef9c89d58f4d813e75e04
https://conda.anaconda.org/conda-forge/osx-arm64/openh264-2.1.1-habe5f53_0.tar.bz2#099cf631fb608139091842ec630d6ade
https://conda.anaconda.org/conda-forge/noarch/aiosignal-1.2.0-pyhd8ed1ab_0.tar.bz2#68c9a0ab410c72abd24cbaac57703519
https://conda.anaconda.org/conda-forge/osx-arm64/libxcb-1.13-h9b22ae9_1004.tar.bz2#6b3457a192f8091cb413962f65740ac4
https://conda.anaconda.org/conda-forge/osx-arm64/libbrotlienc-1.0.9-h1c322ee_7.tar.bz2#9b3e71548e7998f3127b527865e9b5aa
https://conda.anaconda.org/conda-forge/noarch/cycler-0.11.0-pyhd8ed1ab_0.tar.bz2#a50559fad0affdbb33729a68669ca1cb
https://conda.anaconda.org/conda-forge/noarch/pyu2f-0.1.5-pyhd8ed1ab_0.tar.bz2#caabbeaa83928d0c3e3949261daa18eb
https://conda.anaconda.org/conda-forge/osx-arm64/libssh2-1.10.0-hb80f160_2.tar.bz2#0c349d0f6965a927b5b57dedbb0a650b
https://conda.anaconda.org/conda-forge/osx-arm64/abseil-cpp-20210324.2-hbdafb3b_0.tar.bz2#3b1e49c303751215e83babb0f980be3e
https://conda.anaconda.org/conda-forge/noarch/munkres-1.1.4-pyh9f0ad1d_0.tar.bz2#2ba8498c1018c1e9c61eb99b973dfe19
https://conda.anaconda.org/conda-forge/noarch/threadpoolctl-3.1.0-pyh8a188c0_0.tar.bz2#a2995ee828f65687ac5b1e71a2ab1e0c
https://conda.anaconda.org/conda-forge/noarch/google-pasta-0.2.0-pyh8c360ce_0.tar.bz2#26e27d7d3d7fe2336b543dd8e0f12cbf
https://conda.anaconda.org/conda-forge/osx-arm64/libcurl-7.82.0-hb0e6552_0.tar.bz2#31502ce1f2b9c31d17d91f9a430fa8c9
https://conda.anaconda.org/conda-forge/osx-arm64/libllvm10-10.0.1-h4468dd5_2.tar.bz2#dae2734d07f8883a629c6946684164ac
https://conda.anaconda.org/conda-forge/osx-arm64/pysocks-1.7.1-py38h10201cd_5.tar.bz2#94cc206fae2b4c9909594841d9681afc
https://conda.anaconda.org/conda-forge/osx-arm64/tensorflow-2.7.0-cpu_py38h4487131_0.tar.bz2#36aeb3e42f12dae70420eaca5d98b89f
https://conda.anaconda.org/conda-forge/osx-arm64/matplotlib-3.5.1-py38h150bfb4_0.tar.bz2#d4e896f8de0372a2898d7a2fd6504459
https://conda.anaconda.org/conda-forge/osx-arm64/zlib-1.2.11-h90dfc92_1014.tar.bz2#348a30b1350c9d91a4dbf05f5e46e0bb
https://conda.anaconda.org/conda-forge/noarch/pytz-2022.1-pyhd8ed1ab_0.tar.bz2#b87d66d6d3991d988fb31510c95a9267
https://conda.anaconda.org/conda-forge/osx-arm64/llvmlite-0.36.0-py38h57246dd_0.tar.bz2#7ea576bc6c03b2a6e3b87414e7a1b7a7
https://conda.anaconda.org/conda-forge/osx-arm64/nettle-3.6-hc6a1b29_0.tar.bz2#8c245032766b474b21cb59cd88f926b7
https://conda.anaconda.org/conda-forge/osx-arm64/matplotlib-base-3.5.1-py38hb140015_0.tar.bz2#5893ead220e06829881ceee8db70ba1e
https://conda.anaconda.org/conda-forge/noarch/pyjwt-2.3.0-pyhd8ed1ab_1.tar.bz2#b7bc0de380f114658af5fe57cebdcd9e
https://conda.anaconda.org/conda-forge/osx-arm64/libtiff-4.3.0-h77dc3b6_3.tar.bz2#7a6310cbbd24d7e749f9b3606d506613
https://conda.anaconda.org/conda-forge/osx-arm64/freetype-2.10.4-h17b34a0_1.tar.bz2#c34e8d42b8dcb72cad14b45a4132e9c7
https://conda.anaconda.org/conda-forge/noarch/async-timeout-4.0.2-pyhd8ed1ab_0.tar.bz2#25e79f9a1133556671becbd65a170c78
https://conda.anaconda.org/conda-forge/noarch/patsy-0.5.2-pyhd8ed1ab_0.tar.bz2#2e4e8be763551f60bbfcc22b650e5d49
https://conda.anaconda.org/conda-forge/noarch/blinker-1.4-py_1.tar.bz2#fa509a09190583f869ae442bf4d17f5f
https://conda.anaconda.org/conda-forge/noarch/google-auth-oauthlib-0.4.6-pyhd8ed1ab_0.tar.bz2#430db61bdfa0b37903ef73d84bcea2c9
https://conda.anaconda.org/conda-forge/noarch/google-auth-1.35.0-pyh6c4a22f_0.tar.bz2#e9e51ec25b36547a4192a1953df66a8c
https://conda.anaconda.org/conda-forge/osx-arm64/lcms2-2.12-had6a04f_0.tar.bz2#e66c48b683085eaa6627cc61ba76c1e2
https://conda.anaconda.org/conda-forge/osx-arm64/brotli-1.0.9-h1c322ee_7.tar.bz2#52adb74400db3dee7b256835781da714
https://conda.anaconda.org/conda-forge/osx-arm64/xorg-libxdmcp-1.1.3-h27ca646_0.tar.bz2#6738b13f7fadc18725965abdd4129c36
https://conda.anaconda.org/conda-forge/osx-arm64/ruamel.yaml.clib-0.2.6-py38h33210d7_1.tar.bz2#13f47f8c54a26e2817068efb60009845
https://conda.anaconda.org/conda-forge/noarch/python-flatbuffers-2.0-pyhd8ed1ab_0.tar.bz2#4df5b030a147e0e86cba6a08b4e3a89a
https://conda.anaconda.org/conda-forge/osx-arm64/tornado-6.1-py38h33210d7_3.tar.bz2#a936063da446a0b59c8f574fe2cbb5fa
https://conda.anaconda.org/conda-forge/osx-arm64/statsmodels-0.13.2-py38h691f20f_0.tar.bz2#ad4203f821655a66681cec21b7a6b1f4
https://conda.anaconda.org/conda-forge/osx-arm64/wrapt-1.14.0-py38h33210d7_0.tar.bz2#f6e91a348d0c63d111530b17ae871ebb
https://conda.anaconda.org/conda-forge/osx-arm64/pillow-9.1.0-py38h7ff1586_0.tar.bz2#01b870d23f86f2c0f5849281b21904f1
https://conda.anaconda.org/conda-forge/osx-arm64/yaml-0.2.5-h3422bc3_2.tar.bz2#4bb3f014845110883a3c5ee811fd84b4
https://conda.anaconda.org/conda-forge/osx-arm64/shap-0.40.0-py38h3777fb4_1.tar.bz2#7bd8e4d8202d75f341e60e680ef96634
https://conda.anaconda.org/conda-forge/osx-arm64/libnghttp2-1.47.0-he723fca_0.tar.bz2#961b2f1f6307a6bd85aa32cbfa3a6218
https://conda.anaconda.org/conda-forge/osx-arm64/openjpeg-2.4.0-h062765e_1.tar.bz2#02ec6e9debe1bf6488ac302592d067fc
https://conda.anaconda.org/conda-forge/osx-arm64/protobuf-3.19.4-py38h6f2b01f_0.tar.bz2#593697dde740701578ce7d4e42fca06a
https://conda.anaconda.org/conda-forge/noarch/cached-property-1.5.2-hd8ed1ab_1.tar.bz2#9b347a7ec10940d3f7941ff6c460b551
https://conda.anaconda.org/conda-forge/noarch/cloudpickle-2.0.0-pyhd8ed1ab_0.tar.bz2#3a8fc8b627d5fb6af827e126a10a86c6
https://conda.anaconda.org/conda-forge/osx-arm64/ncurses-6.3-hc470f4d_0.tar.bz2#6b5b4e8e22d02a9f30fc4c703d2a69f6
https://conda.anaconda.org/conda-forge/osx-arm64/numba-0.53.1-py38h5eaf91a_1.tar.bz2#ccd3dd4c71862c839e3efdbabd314c77
https://conda.anaconda.org/conda-forge/osx-arm64/libpng-1.6.37-hf7e6567_2.tar.bz2#1c5087c1f23ba00c342cfb725f69a57c
https://conda.anaconda.org/conda-forge/noarch/six-1.16.0-pyh6c4a22f_0.tar.bz2#e5f25f8dbc060e9a8d912e432202afc2
https://conda.anaconda.org/conda-forge/osx-arm64/tk-8.6.12-he1e0b03_0.tar.bz2#2cb3d18eac154109107f093860bd545f
https://conda.anaconda.org/conda-forge/osx-arm64/importlib-metadata-4.11.3-py38h10201cd_1.tar.bz2#72dca28a64d7ce5cf6ed1269b8bd2387
https://conda.anaconda.org/conda-forge/osx-arm64/jbig-2.1-h3422bc3_2003.tar.bz2#38e4745944cf5b4598ad7f1cfed5430d
https://conda.anaconda.org/conda-forge/osx-arm64/libgfortran-5.0.0.dev0-11_0_1_hf114ba7_23.tar.bz2#75f6bd23c894fbb8d353c75edb7041d6
https://conda.anaconda.org/conda-forge/noarch/tensorboard-plugin-wit-1.8.1-pyhd8ed1ab_0.tar.bz2#0adae6ededf20046d74a3f9343269efd
https://conda.anaconda.org/conda-forge/osx-arm64/lz4-c-1.9.3-hbdafb3b_1.tar.bz2#074b9beb2e563515c0dd46229b18d521
https://conda.anaconda.org/conda-forge/noarch/cached_property-1.5.2-pyha770c72_1.tar.bz2#576d629e47797577ab0f1b351297ef4a
https://conda.anaconda.org/conda-forge/osx-arm64/setuptools-59.5.0-py38h10201cd_0.tar.bz2#660882f043088488245bcf54b6db6a19
https://conda.anaconda.org/conda-forge/osx-arm64/libbrotlicommon-1.0.9-h1c322ee_7.tar.bz2#6291afa63267174a1744bfea0560eb8c
https://conda.anaconda.org/conda-forge/noarch/zipp-3.8.0-pyhd8ed1ab_0.tar.bz2#050b94cf4a8c760656e51d2d44e4632c
https://conda.anaconda.org/conda-forge/osx-arm64/zstd-1.5.2-h861e0a7_0.tar.bz2#1ecb5634b253f1849feefe7227824e3f
https://conda.anaconda.org/conda-forge/noarch/absl-py-1.0.0-pyhd8ed1ab_0.tar.bz2#02c130eff347bac9e31fd5dbffb54c44
https://conda.anaconda.org/conda-forge/osx-arm64/ffmpeg-4.3.2-h38cfed3_3.tar.bz2#63dbcbf0068125f35fd4f7b22326fa21
https://conda.anaconda.org/conda-forge/osx-arm64/h5py-3.6.0-nompi_py38hacf61ce_100.tar.bz2#2cd132ee9368d864b8eb3f8d96506eee
https://conda.anaconda.org/conda-forge/osx-arm64/lame-3.100-h27ca646_1001.tar.bz2#22026ae7a46d32bbdf7e34a3483d6e9f
https://conda.anaconda.org/conda-forge/noarch/pycparser-2.21-pyhd8ed1ab_0.tar.bz2#076becd9e05608f8dc72757d5f3a91ff
https://conda.anaconda.org/conda-forge/noarch/werkzeug-2.1.1-pyhd8ed1ab_0.tar.bz2#559004facf16ddf15489e326df3f63c2
https://conda.anaconda.org/conda-forge/osx-arm64/ninja-1.10.2-hc021e02_1.tar.bz2#369f8171f135f2c3870e8f6727126c31
https://conda.anaconda.org/conda-forge/osx-arm64/tensorflow-estimator-2.7.0-cpu_py38h4dea37b_0.tar.bz2#f60f7f34b0dd8b29677cf3858311b524
https://conda.anaconda.org/conda-forge/osx-arm64/sleef-3.5.1-h156473d_2.tar.bz2#bd159e7f04dbf79b06ed2bd37e112458
https://conda.anaconda.org/conda-forge/noarch/backports.functools_lru_cache-1.6.4-pyhd8ed1ab_0.tar.bz2#c5b3edc62d6309088f4970b3eaaa65a6
https://conda.anaconda.org/conda-forge/noarch/colorama-0.4.4-pyh9f0ad1d_0.tar.bz2#c08b4c1326b880ed44f3ffb04803332f
https://conda.anaconda.org/conda-forge/osx-arm64/libffi-3.4.2-h3422bc3_5.tar.bz2#086914b672be056eb70fd4285b6783b6
https://conda.anaconda.org/conda-forge/noarch/wcwidth-0.2.5-pyh9f0ad1d_2.tar.bz2#5266fcd697043c59621fda522b3d78ee
https://conda.anaconda.org/conda-forge/noarch/typing_extensions-4.1.1-pyha770c72_0.tar.bz2#74761ba7bc682e9009520163a1031ace
https://conda.anaconda.org/conda-forge/noarch/attrs-21.4.0-pyhd8ed1ab_0.tar.bz2#f70280205d7044c8b8358c8de3190e5d
https://conda.anaconda.org/conda-forge/osx-arm64/cffi-1.15.0-py38hc67bbb8_0.tar.bz2#8a5213bdc2df91bc4f262682e28337a3
https://conda.anaconda.org/conda-forge/osx-arm64/hdf5-1.12.1-nompi_hf9525e8_104.tar.bz2#6a03714aaac17d15fc7f6fff054e40cb
https://conda.anaconda.org/conda-forge/osx-arm64/pthread-stubs-0.4-h27ca646_1001.tar.bz2#d3f26c6494d4105d4ecb85203d687102
https://conda.anaconda.org/pytorch/noarch/pytorch-mutex-1.0-cpu.tar.bz2#49565ed726991fd28d08a39885caa88d
https://conda.anaconda.org/conda-forge/noarch/termcolor-1.1.0-py_2.tar.bz2#c7fd66fedfff76bfe477c6f33c96d83a
https://conda.anaconda.org/conda-forge/osx-arm64/bzip2-1.0.8-h3422bc3_4.tar.bz2#fc76ace7b94fb1f694988ab1b14dd248
https://conda.anaconda.org/conda-forge/osx-arm64/pandas-1.4.2-py38h55de146_0.tar.bz2#6433f39d378ca0d7251448355c68647f
https://conda.anaconda.org/conda-forge/noarch/tensorboard-2.6.0-pyhd8ed1ab_1.tar.bz2#5ea59c2bbd714e8930c23b50857ef864
https://conda.anaconda.org/conda-forge/osx-arm64/multidict-6.0.2-py38h33210d7_1.tar.bz2#1a858be7d8a8e119525cdbc0ec52ca54
https://conda.anaconda.org/conda-forge/osx-arm64/ca-certificates-2021.10.8-h4653dfc_0.tar.bz2#d68f418ab2f7a46948ccb4053636f913
https://conda.anaconda.org/conda-forge/osx-arm64/libzlib-1.2.11-h90dfc92_1014.tar.bz2#fbe64adc8dbaeeb375d439d15b2bf6b1
https://conda.anaconda.org/conda-forge/osx-arm64/unicodedata2-14.0.0-py38hea4295b_0.tar.bz2#30275914264c92748c076cd5d6da9e89
https://conda.anaconda.org/conda-forge/noarch/slicer-0.0.7-pyhd8ed1ab_0.tar.bz2#9b077f431e8b2fe06d987d450e158dc7
https://conda.anaconda.org/conda-forge/osx-arm64/click-8.1.2-py38h10201cd_0.tar.bz2#a7207cfa562f019f9bc97d1f82835f9d
https://conda.anaconda.org/conda-forge/osx-arm64/krb5-1.19.3-hf9b2bbe_0.tar.bz2#e6987ad4d068dfe9037280e239b3d5a9
https://conda.anaconda.org/conda-forge/noarch/keras-2.7.0-pyhd8ed1ab_0.tar.bz2#394fc4295ee04f601e9f73503dbb935a
https://conda.anaconda.org/conda-forge/noarch/keras-preprocessing-1.1.2-pyhd8ed1ab_0.tar.bz2#a79b00989a0d89791021902f37fe2f9e
https://conda.anaconda.org/conda-forge/noarch/networkx-2.7.1-pyhd8ed1ab_1.tar.bz2#574dd6737cce351472f74027573cf071
https://conda.anaconda.org/conda-forge/noarch/urllib3-1.26.9-pyhd8ed1ab_0.tar.bz2#0ea179ee251aa7100807c35bc0252693
https://conda.anaconda.org/conda-forge/osx-arm64/libprotobuf-3.19.4-hccf11d3_0.tar.bz2#a89d03f004d294a1d8644189009b7e77
https://conda.anaconda.org/conda-forge/osx-arm64/libblas-3.9.0-13_osxarm64_openblas.tar.bz2#cfe4c943d79f32e927f859de87fb03f1
https://conda.anaconda.org/conda-forge/osx-arm64/numpy-1.22.3-py38hf29d37f_1.tar.bz2#051732cb759206903fc577b7ca6333c2
https://conda.anaconda.org/conda-forge/noarch/typing-extensions-4.1.1-hd8ed1ab_0.tar.bz2#9d1b5bbaa13bca480c80893a87a52c4f
https://conda.anaconda.org/conda-forge/osx-arm64/jpeg-9e-h3422bc3_0.tar.bz2#846d85b58bfb5fd25b82fc9fe09b0f83
https://conda.anaconda.org/conda-forge/osx-arm64/python-3.8.13-h7e095e3_0_cpython.tar.bz2#ed4ba642b5e9388cb1f11719c2d07c16
https://conda.anaconda.org/conda-forge/osx-arm64/lerc-3.0-hbdafb3b_0.tar.bz2#8f210e26ca368c3d2b418f213b903aef
https://conda.anaconda.org/conda-forge/noarch/cachetools-4.2.4-pyhd8ed1ab_0.tar.bz2#059a8732c1d81ffc93997cb8a236331f
https://conda.anaconda.org/conda-forge/osx-arm64/liblapack-3.9.0-13_osxarm64_openblas.tar.bz2#a362cd24e842692a7fcacee3788f4af9
https://conda.anaconda.org/conda-forge/osx-arm64/fonttools-4.31.2-py38h33210d7_0.tar.bz2#121d42c3816a8d3bdf52110362342cd8
# pip tomli @ https://files.pythonhosted.org/packages/97/75/10a9ebee3fd790d20926a90a2547f0bf78f371b2f13aa822c759680ca7b9/tomli-2.0.1-py3-none-any.whl#md5=None
# pip setuptools-scm @ https://files.pythonhosted.org/packages/e3/e5/c28b544051340e63e0d507eb893c9513d3a300e5e9183e2990518acbfe36/setuptools_scm-6.4.2-py3-none-any.whl#md5=None
# pip hmmlearn @ https://files.pythonhosted.org/packages/3d/6f/0ec7056f40d92adb1d810a624e702b05f60cc64196ef976c8a1fc9778568/hmmlearn-0.2.7.tar.gz#md5=None
# pip hmmviz @ https://files.pythonhosted.org/packages/1b/fc/53fd497a3f68911f44fc88844efa96bbb7b55c8777e702109dd369909fc2/hmmviz-0.0.7-py3-none-any.whl#md5=None
