# Generated by conda-lock.
# platform: win-64
# input_hash: 133f1df20960f04e546bfe7698d40e886d2acb21ac62b21a6c9809084488bd9e
@EXPLICIT
https://conda.anaconda.org/conda-forge/noarch/gast-0.4.0-pyh9f0ad1d_0.tar.bz2#42323c77b73462199fca93bc8ac9279d
https://conda.anaconda.org/conda-forge/win-64/libxcb-1.13-hcd874cb_1004.tar.bz2#a6d7fd030532378ecb6ba435cd9f8234
https://conda.anaconda.org/conda-forge/win-64/libtiff-4.3.0-hc4061b1_3.tar.bz2#2e9f4af7dd16047f2f370562fb9e81fc
https://repo.anaconda.com/pkgs/main/win-64/_tflow_select-2.3.0-mkl.conda#f72a007f439f0f7f06ffd20a6aac6ab2
https://repo.anaconda.com/pkgs/main/win-64/tensorflow-2.6.0-mkl_py38hdc16138_0.conda#6d8c8132b594901c5dddc622a49ec56e
https://conda.anaconda.org/conda-forge/win-64/tk-8.6.12-h8ffe710_0.tar.bz2#c69a5047cc9291ae40afd4a1ad6f0c0f
https://conda.anaconda.org/pytorch/win-64/pytorch-1.10.2-py3.8_cpu_0.tar.bz2#0f4e67f5f455fab44df9d4851664a4c4
https://conda.anaconda.org/conda-forge/win-64/libprotobuf-3.14.0-h7755175_0.tar.bz2#2f92571c43e1855ec3a13a9be05ac522
https://conda.anaconda.org/conda-forge/noarch/six-1.16.0-pyh6c4a22f_0.tar.bz2#e5f25f8dbc060e9a8d912e432202afc2
https://conda.anaconda.org/conda-forge/noarch/pydtmc-6.10.0-pyhd8ed1ab_0.tar.bz2#eb6a56e14bc19ca09d8f8f9ef4ed7985
https://conda.anaconda.org/pytorch/noarch/pytorch-mutex-1.0-cpu.tar.bz2#49565ed726991fd28d08a39885caa88d
https://conda.anaconda.org/conda-forge/noarch/blinker-1.4-py_1.tar.bz2#fa509a09190583f869ae442bf4d17f5f
https://conda.anaconda.org/conda-forge/win-64/tornado-6.1-py38h294d835_3.tar.bz2#f7ac7c9ee9c07ff085df3564b9ea70f2
https://conda.anaconda.org/conda-forge/win-64/wrapt-1.14.0-py38h294d835_0.tar.bz2#748cc8a8f375f65660f384cde65997f8
https://conda.anaconda.org/conda-forge/noarch/async-timeout-4.0.2-pyhd8ed1ab_0.tar.bz2#25e79f9a1133556671becbd65a170c78
https://conda.anaconda.org/conda-forge/win-64/certifi-2021.10.8-py38haa244fe_2.tar.bz2#632c416a7b1cda7712254bc58dd3de10
https://conda.anaconda.org/conda-forge/win-64/flatbuffers-2.0.6-h0e60522_0.tar.bz2#417834a22b58f210e426427586fd1b85
https://conda.anaconda.org/conda-forge/win-64/fonttools-4.31.2-py38h294d835_0.tar.bz2#ab55cc8cec7e27d59d235e0a0f51c485
https://conda.anaconda.org/conda-forge/win-64/pthread-stubs-0.4-hcd874cb_1001.tar.bz2#a1f820480193ea83582b13249a7e7bd9
https://conda.anaconda.org/conda-forge/win-64/libssh2-1.10.0-h680486a_2.tar.bz2#7c3dab9db46226852f9c4c163870e4e4
https://conda.anaconda.org/conda-forge/win-64/lerc-3.0-h0e60522_0.tar.bz2#756c8b51a32758df2ed6cddcc7b7ed58
https://conda.anaconda.org/conda-forge/win-64/multidict-6.0.2-py38h294d835_1.tar.bz2#1774fc4ccd65fa8e4bdeb0bdd184e0b8
https://conda.anaconda.org/conda-forge/win-64/yaml-0.2.5-h8ffe710_2.tar.bz2#adbfb9f45d1004a26763652246a33764
https://conda.anaconda.org/conda-forge/noarch/zipp-3.8.0-pyhd8ed1ab_0.tar.bz2#050b94cf4a8c760656e51d2d44e4632c
https://conda.anaconda.org/conda-forge/win-64/xorg-libxau-1.0.9-hcd874cb_0.tar.bz2#9cef622e75683c17d05ae62d66e69e6c
https://conda.anaconda.org/conda-forge/win-64/m2w64-gcc-libs-5.3.0-7.tar.bz2#fe759119b8b3bfa720b8762c6fdc35de
https://conda.anaconda.org/conda-forge/noarch/cycler-0.11.0-pyhd8ed1ab_0.tar.bz2#a50559fad0affdbb33729a68669ca1cb
https://conda.anaconda.org/conda-forge/win-64/blas-2.113-mkl.tar.bz2#70636707d3175bdb1be4514156a409a5
https://conda.anaconda.org/conda-forge/noarch/idna-3.3-pyhd8ed1ab_0.tar.bz2#40b50b8b030f5f2f22085c062ed013dd
https://conda.anaconda.org/conda-forge/win-64/vc-14.2-hb210afc_6.tar.bz2#c2aecbc9b00ba6f352e27d3d61fd31fb
https://conda.anaconda.org/conda-forge/noarch/networkx-2.7.1-pyhd8ed1ab_1.tar.bz2#574dd6737cce351472f74027573cf071
https://conda.anaconda.org/conda-forge/win-64/pyqt5-sip-4.19.18-py38h885f38d_8.tar.bz2#bd649d944f2be98a56320c3a3cdfe257
https://conda.anaconda.org/conda-forge/win-64/lcms2-2.12-h2a16943_0.tar.bz2#fee639c27301c4165b4d1f7e442de8a5
https://conda.anaconda.org/conda-forge/win-64/python-3.8.13-h9a09f29_0_cpython.tar.bz2#41de0ad5db009f4f829f9d415a6a4200
https://conda.anaconda.org/conda-forge/win-64/libcurl-7.82.0-h789b8ee_0.tar.bz2#adf9a6ec5b445e82492382d3eb0f67a4
https://conda.anaconda.org/conda-forge/win-64/m2w64-gcc-libs-core-5.3.0-7.tar.bz2#4289d80fb4d272f1f3b56cfe87ac90bd
https://conda.anaconda.org/conda-forge/noarch/astor-0.8.1-pyh9f0ad1d_0.tar.bz2#6ae770689be59dc391ef974d2e849b56
https://conda.anaconda.org/conda-forge/noarch/python-dateutil-2.8.2-pyhd8ed1ab_0.tar.bz2#dd999d1cc9f79e67dbb855c8924c7984
https://conda.anaconda.org/conda-forge/win-64/shap-0.40.0-py38h5d928e2_1.tar.bz2#8195679283a15de21e54c2aa3ddf6db9
https://conda.anaconda.org/conda-forge/win-64/msys2-conda-epoch-20160418-1.tar.bz2#b0309b72560df66f71a9d5e34a5efdfa
https://conda.anaconda.org/conda-forge/win-64/mkl-include-2022.0.0-h0e2418a_796.tar.bz2#7e7184f5402aed0e2bf84d0e2cb215d1
https://conda.anaconda.org/conda-forge/noarch/cached-property-1.5.2-hd8ed1ab_1.tar.bz2#9b347a7ec10940d3f7941ff6c460b551
https://conda.anaconda.org/conda-forge/noarch/threadpoolctl-3.1.0-pyh8a188c0_0.tar.bz2#a2995ee828f65687ac5b1e71a2ab1e0c
https://conda.anaconda.org/conda-forge/win-64/ruamel.yaml.clib-0.2.6-py38h294d835_1.tar.bz2#69036ab42864add48c09fe1ff7a62197
https://conda.anaconda.org/conda-forge/win-64/setuptools-61.3.1-py38haa244fe_0.tar.bz2#32d2cd94f0894a2ff1d3c01a693e62ee
https://conda.anaconda.org/conda-forge/win-64/aiohttp-3.8.1-py38h294d835_1.tar.bz2#d4c6f733b45655babc4d6b8ca3fb2826
https://conda.anaconda.org/conda-forge/noarch/prettytable-3.2.0-pyhd8ed1ab_0.tar.bz2#c756bde472ecc37559e0ba949cd907a5
https://conda.anaconda.org/conda-forge/noarch/cached_property-1.5.2-pyha770c72_1.tar.bz2#576d629e47797577ab0f1b351297ef4a
https://conda.anaconda.org/conda-forge/noarch/joblib-1.1.0-pyhd8ed1ab_0.tar.bz2#07d1b5c8cde14d95998fd4767e1e62d2
https://conda.anaconda.org/conda-forge/noarch/tensorboard-2.6.0-pyhd8ed1ab_1.tar.bz2#5ea59c2bbd714e8930c23b50857ef864
https://conda.anaconda.org/conda-forge/noarch/wcwidth-0.2.5-pyh9f0ad1d_2.tar.bz2#5266fcd697043c59621fda522b3d78ee
https://conda.anaconda.org/conda-forge/noarch/packaging-21.3-pyhd8ed1ab_0.tar.bz2#71f1ab2de48613876becddd496371c85
https://conda.anaconda.org/conda-forge/win-64/ruamel.yaml-0.17.21-py38h294d835_1.tar.bz2#d31593ed99411b32a95521c330fea7a0
https://conda.anaconda.org/conda-forge/win-64/pandas-1.4.2-py38hcc40339_0.tar.bz2#5ad7f0a97723049110836e22c2bfeb50
https://conda.anaconda.org/conda-forge/win-64/lz4-c-1.9.3-h8ffe710_1.tar.bz2#d12763533276560a931c1bd3df1adf63
https://conda.anaconda.org/conda-forge/noarch/pyasn1-modules-0.2.7-py_0.tar.bz2#ad1e886d09700b2304975335f714bd9c
https://conda.anaconda.org/conda-forge/win-64/pyqtwebengine-5.12.1-py38h885f38d_8.tar.bz2#6aee5c37f78046fa9f597aa69a527036
https://conda.anaconda.org/conda-forge/win-64/numpy-1.22.3-py38hcf66579_1.tar.bz2#d0a76676535238f6bf6da5016a65fbb0
https://conda.anaconda.org/conda-forge/win-64/cryptography-36.0.2-py38hb7941b4_1.tar.bz2#e8c71e699193603b90555aec63d5e60f
https://conda.anaconda.org/conda-forge/win-64/tensorboard-data-server-0.6.0-py38haa244fe_1.tar.bz2#0d1e62b048e23f7cb4de5d50d6a39577
https://conda.anaconda.org/conda-forge/win-64/qt-5.12.9-h5909a2a_4.tar.bz2#2c9a8da7b543a9a8a6fdab785575d79d
https://conda.anaconda.org/conda-forge/win-64/pyyaml-6.0-py38h294d835_4.tar.bz2#ed6594bdc18612c07ba434428759a7cb
https://conda.anaconda.org/conda-forge/win-64/libbrotlienc-1.0.9-h8ffe710_7.tar.bz2#75c0a84c7f22d57cda6aaf7205b4a27c
https://conda.anaconda.org/conda-forge/noarch/google-pasta-0.2.0-pyh8c360ce_0.tar.bz2#26e27d7d3d7fe2336b543dd8e0f12cbf
https://conda.anaconda.org/conda-forge/win-64/h5py-3.6.0-nompi_py38hde0384b_100.tar.bz2#c2284f996b0c2c417a3371bd51e6ca34
https://conda.anaconda.org/conda-forge/noarch/cloudpickle-2.0.0-pyhd8ed1ab_0.tar.bz2#3a8fc8b627d5fb6af827e126a10a86c6
https://conda.anaconda.org/pytorch/win-64/torchvision-0.11.3-py38_cu113.tar.bz2#f5ddd8a018573e235bab5b2407e7ec23
https://conda.anaconda.org/conda-forge/noarch/attrs-21.4.0-pyhd8ed1ab_0.tar.bz2#f70280205d7044c8b8358c8de3190e5d
https://conda.anaconda.org/conda-forge/noarch/pyu2f-0.1.5-pyhd8ed1ab_0.tar.bz2#caabbeaa83928d0c3e3949261daa18eb
https://conda.anaconda.org/conda-forge/noarch/google-auth-oauthlib-0.4.6-pyhd8ed1ab_0.tar.bz2#430db61bdfa0b37903ef73d84bcea2c9
https://conda.anaconda.org/conda-forge/noarch/pytz-2022.1-pyhd8ed1ab_0.tar.bz2#b87d66d6d3991d988fb31510c95a9267
https://conda.anaconda.org/conda-forge/win-64/m2w64-libwinpthread-git-5.0.0.4634.697f757-2.tar.bz2#774130a326dee16f1ceb05cc687ee4f0
https://conda.anaconda.org/conda-forge/win-64/kiwisolver-1.4.2-py38hbd9d945_1.tar.bz2#171f7a504550a6093548f618df9a76f5
https://conda.anaconda.org/conda-forge/win-64/python_abi-3.8-2_cp38.tar.bz2#80b95487563108d4cf92ff6384050751
https://conda.anaconda.org/conda-forge/noarch/charset-normalizer-2.0.12-pyhd8ed1ab_0.tar.bz2#1f5b32dabae0f1893ae3283dac7f799e
https://conda.anaconda.org/conda-forge/win-64/vs2015_runtime-14.29.30037-h902a5da_6.tar.bz2#33d07ebe91062743eabc9e53a60d18e1
https://conda.anaconda.org/conda-forge/win-64/liblapacke-3.9.0-13_win64_mkl.tar.bz2#0219fa3a0e3ec499af261a03a02cadff
https://conda.anaconda.org/conda-forge/win-64/intel-openmp-2022.0.0-h57928b3_3663.tar.bz2#9617f0042f5eea1155970e6861f3ab6b
https://conda.anaconda.org/conda-forge/win-64/zlib-1.2.11-h8ffe710_1014.tar.bz2#8f3f8b243814bddb2898c314ed024e03
https://conda.anaconda.org/conda-forge/win-64/brotli-1.0.9-h8ffe710_7.tar.bz2#bdd3236d1f6962e8e6953276d12b7e5b
https://conda.anaconda.org/conda-forge/win-64/libuv-1.43.0-h8ffe710_0.tar.bz2#cb03a8d4368f634aa858c4f179dda230
https://conda.anaconda.org/conda-forge/win-64/protobuf-3.14.0-py38h885f38d_1.tar.bz2#c3ed359a3f6a4874c044e576e175e2c5
https://conda.anaconda.org/conda-forge/win-64/libpng-1.6.37-h1d00b33_2.tar.bz2#005ddb14b8f876ed6a85b76dfc9892db
https://conda.anaconda.org/conda-forge/win-64/click-8.1.2-py38haa244fe_0.tar.bz2#204c3f9a95e5bee11bb5f946eab4a5a0
https://conda.anaconda.org/conda-forge/win-64/openjpeg-2.4.0-hb211442_1.tar.bz2#0991d2e943e5ba7ec9b7b32eec14e2e3
https://conda.anaconda.org/conda-forge/noarch/urllib3-1.26.9-pyhd8ed1ab_0.tar.bz2#0ea179ee251aa7100807c35bc0252693
https://conda.anaconda.org/conda-forge/win-64/matplotlib-3.5.1-py38haa244fe_0.tar.bz2#713ec97a7c2ab0c28cc3a916676f03b8
https://conda.anaconda.org/conda-forge/noarch/colorama-0.4.4-pyh9f0ad1d_0.tar.bz2#c08b4c1326b880ed44f3ffb04803332f
https://conda.anaconda.org/conda-forge/win-64/libffi-3.4.2-h8ffe710_5.tar.bz2#2c96d1b6915b408893f9472569dee135
https://conda.anaconda.org/conda-forge/win-64/openssl-1.1.1n-h8ffe710_0.tar.bz2#f2d2768c9d3f84fc3e99f96b66a49ba4
https://conda.anaconda.org/conda-forge/win-64/m2w64-gmp-6.1.0-2.tar.bz2#53a1c73e1e3d185516d7e3af177596d9
https://repo.anaconda.com/pkgs/main/noarch/tensorflow-estimator-2.6.0-pyh7b7c402_0.conda#64da6b21815576fa13ecce8b9321f5cd
https://conda.anaconda.org/conda-forge/win-64/importlib-metadata-4.11.3-py38haa244fe_1.tar.bz2#2ba9db71c1e485b0aaa5d0d9685d83d8
https://conda.anaconda.org/conda-forge/noarch/werkzeug-2.1.1-pyhd8ed1ab_0.tar.bz2#559004facf16ddf15489e326df3f63c2
https://conda.anaconda.org/conda-forge/win-64/abseil-cpp-20210324.2-h0e60522_0.tar.bz2#b934e6206877352ca3d5ec587b48f6b9
https://conda.anaconda.org/conda-forge/win-64/cudatoolkit-11.3.1-h280eb24_10.tar.bz2#8dfd454f5c3bc03f7e06e2aa4ef5d814
https://conda.anaconda.org/conda-forge/win-64/xorg-libxdmcp-1.1.3-hcd874cb_0.tar.bz2#46878ebb6b9cbd8afcf8088d7ef00ece
https://conda.anaconda.org/conda-forge/noarch/oauthlib-3.2.0-pyhd8ed1ab_0.tar.bz2#ecc95c82c788737d6d33f5d564566d89
https://conda.anaconda.org/conda-forge/win-64/ca-certificates-2021.10.8-h5b45459_0.tar.bz2#2ddd48c9b52f7f65361b9645b2c5d370
https://conda.anaconda.org/conda-forge/noarch/google-auth-1.35.0-pyh6c4a22f_0.tar.bz2#e9e51ec25b36547a4192a1953df66a8c
https://conda.anaconda.org/conda-forge/win-64/libwebp-base-1.2.2-h8ffe710_1.tar.bz2#24e23990217d3542fb821759a41d6ec2
https://conda.anaconda.org/conda-forge/win-64/snappy-1.1.8-ha925a31_3.tar.bz2#e227e973dec9f437b28b24f9f0e5f7fe
https://conda.anaconda.org/conda-forge/noarch/keras-preprocessing-1.1.2-pyhd8ed1ab_0.tar.bz2#a79b00989a0d89791021902f37fe2f9e
https://conda.anaconda.org/conda-forge/noarch/slicer-0.0.7-pyhd8ed1ab_0.tar.bz2#9b077f431e8b2fe06d987d450e158dc7
https://conda.anaconda.org/conda-forge/win-64/xz-5.2.5-h62dcd97_1.tar.bz2#eabcbfedd14d7c18a514afca09ea0ebb
https://conda.anaconda.org/conda-forge/win-64/blas-devel-3.9.0-13_win64_mkl.tar.bz2#4f4e68bd5bacdce497ecf5762b4321db
https://conda.anaconda.org/conda-forge/noarch/absl-py-1.0.0-pyhd8ed1ab_0.tar.bz2#02c130eff347bac9e31fd5dbffb54c44
https://conda.anaconda.org/conda-forge/noarch/backports-1.0-py_2.tar.bz2#0da16b293affa6ac31812376f8eb79dd
https://conda.anaconda.org/conda-forge/noarch/requests-oauthlib-1.3.1-pyhd8ed1ab_0.tar.bz2#61b279f051eef9c89d58f4d813e75e04
https://conda.anaconda.org/conda-forge/win-64/unicodedata2-14.0.0-py38h294d835_0.tar.bz2#ab4c9321f614d926fde98999b17fef3a
https://conda.anaconda.org/conda-forge/win-64/scikit-learn-1.0.2-py38hb60ee80_0.tar.bz2#126c6619b327c65073d5cffcb47e4171
https://repo.anaconda.com/pkgs/main/win-64/tensorflow-base-2.6.0-mkl_py38h9201259_0.conda#3b94d08676276be036998cfa5cca7864
https://conda.anaconda.org/conda-forge/noarch/opt_einsum-3.3.0-pyhd8ed1ab_1.tar.bz2#ba523f5bdd2e452e43c73b7e4b928799
https://conda.anaconda.org/conda-forge/win-64/jbig-2.1-h8d14728_2003.tar.bz2#37dcc26d63c315f6c0588579dca810da
https://conda.anaconda.org/conda-forge/win-64/sqlite-3.37.1-h8ffe710_0.tar.bz2#c71d9a73f2e6c1e18cc9fa30bef906f5
https://conda.anaconda.org/conda-forge/win-64/libblas-3.9.0-13_win64_mkl.tar.bz2#5addc4aa3bae7e89ce6eb8720650b257
https://conda.anaconda.org/conda-forge/win-64/pysocks-1.7.1-py38haa244fe_5.tar.bz2#81fd9157802c3d99efc4a24563cfe885
https://conda.anaconda.org/conda-forge/win-64/jpeg-9e-h8ffe710_0.tar.bz2#83e0284f1306a3381a825d7a728aacc2
https://conda.anaconda.org/conda-forge/win-64/statsmodels-0.13.2-py38h6f4d8f0_0.tar.bz2#4ba24248bb7051b35a61dc2d75fd374e
https://conda.anaconda.org/conda-forge/noarch/cachetools-4.2.4-pyhd8ed1ab_0.tar.bz2#059a8732c1d81ffc93997cb8a236331f
https://conda.anaconda.org/conda-forge/win-64/pillow-9.1.0-py38hd8e0db4_0.tar.bz2#74833eff2c6e90d38e668a76e4b4b5f1
https://conda.anaconda.org/conda-forge/win-64/brotli-bin-1.0.9-h8ffe710_7.tar.bz2#fd458f76be2068973734834202ac0352
https://conda.anaconda.org/pytorch/noarch/cpuonly-2.0-0.tar.bz2#1cf3a59ef90a4078c253e3b02c272065
https://conda.anaconda.org/conda-forge/noarch/rsa-4.8-pyhd8ed1ab_0.tar.bz2#0fdcca8ad4e0e66bde199c40f2d1019a
https://conda.anaconda.org/conda-forge/noarch/markdown-3.3.6-pyhd8ed1ab_0.tar.bz2#e7cbd93fe74dc4a06b4b494d60c659a9
https://conda.anaconda.org/conda-forge/noarch/typing-extensions-4.1.1-hd8ed1ab_0.tar.bz2#9d1b5bbaa13bca480c80893a87a52c4f
https://conda.anaconda.org/conda-forge/noarch/python-flatbuffers-1.12-pyhd8ed1ab_1.tar.bz2#4ddd8b8f7ba0c0fc50de3776b37fecce
https://conda.anaconda.org/conda-forge/noarch/tqdm-4.64.0-pyhd8ed1ab_0.tar.bz2#6642233f341e1900d0c8e6eddb979c14
https://conda.anaconda.org/conda-forge/win-64/matplotlib-base-3.5.1-py38h1f000d6_0.tar.bz2#068477aed25283fbb44fe01997ac696a
https://conda.anaconda.org/conda-forge/win-64/pyqtchart-5.12-py38h885f38d_8.tar.bz2#0071270be206d3b88d15f4b9506a4ccd
https://conda.anaconda.org/conda-forge/noarch/munkres-1.1.4-pyh9f0ad1d_0.tar.bz2#2ba8498c1018c1e9c61eb99b973dfe19
https://conda.anaconda.org/conda-forge/win-64/brotlipy-0.7.0-py38h294d835_1004.tar.bz2#f12a527d29a252cef0abbfd752d3ab01
https://conda.anaconda.org/conda-forge/noarch/tensorboard-plugin-wit-1.8.1-pyhd8ed1ab_0.tar.bz2#0adae6ededf20046d74a3f9343269efd
https://conda.anaconda.org/conda-forge/noarch/requests-2.27.1-pyhd8ed1ab_0.tar.bz2#7c1c427246b057b8fa97200ecdb2ed62
https://conda.anaconda.org/conda-forge/win-64/libwebp-1.2.2-h57928b3_0.tar.bz2#80c0ce63cf8f69c5a5781ab7a9645942
https://conda.anaconda.org/conda-forge/win-64/libbrotlicommon-1.0.9-h8ffe710_7.tar.bz2#e7b12a6cf353395dda7ed36b9041048b
https://conda.anaconda.org/conda-forge/win-64/m2w64-gcc-libgfortran-5.3.0-6.tar.bz2#066552ac6b907ec6d72c0ddab29050dc
https://conda.anaconda.org/conda-forge/win-64/bzip2-1.0.8-h8ffe710_4.tar.bz2#7c03c66026944073040cb19a4f3ec3c9
https://conda.anaconda.org/conda-forge/win-64/pyqt-impl-5.12.3-py38h885f38d_8.tar.bz2#1f288d9b1eeb71d6963908ebe5a52fc4
https://conda.anaconda.org/conda-forge/noarch/seaborn-base-0.11.2-pyhd8ed1ab_0.tar.bz2#fe2303dc8f1febeb82d927ce8ad153ed
https://conda.anaconda.org/conda-forge/win-64/tbb-2021.5.0-h2d74725_1.tar.bz2#8f00f39dbd7deaba11410b0b6e7b2cb4
https://conda.anaconda.org/conda-forge/noarch/backports.functools_lru_cache-1.6.4-pyhd8ed1ab_0.tar.bz2#c5b3edc62d6309088f4970b3eaaa65a6
https://conda.anaconda.org/conda-forge/win-64/mkl-2022.0.0-h0e2418a_796.tar.bz2#54baa34953c02445bfd6f566c45decbb
https://conda.anaconda.org/conda-forge/win-64/mkl-devel-2022.0.0-h57928b3_797.tar.bz2#88bea1a9a80bea1270e7017994142816
https://conda.anaconda.org/conda-forge/noarch/aiosignal-1.2.0-pyhd8ed1ab_0.tar.bz2#68c9a0ab410c72abd24cbaac57703519
https://conda.anaconda.org/conda-forge/win-64/cffi-1.15.0-py38hd8c33c5_0.tar.bz2#b6a0fcd49b88b2fef6892785c8e33092
https://conda.anaconda.org/conda-forge/win-64/liblapack-3.9.0-13_win64_mkl.tar.bz2#4a777de294375e4d78ad53e5581a9ede
https://conda.anaconda.org/conda-forge/win-64/libdeflate-1.10-h8ffe710_0.tar.bz2#ad4246997621fdf913fe6f958bc16fd4
https://conda.anaconda.org/conda-forge/win-64/icu-68.2-h0e60522_0.tar.bz2#294758e73c7762b0780896eba5bcbbbe
https://conda.anaconda.org/conda-forge/noarch/pycparser-2.21-pyhd8ed1ab_0.tar.bz2#076becd9e05608f8dc72757d5f3a91ff
https://conda.anaconda.org/conda-forge/win-64/libcblas-3.9.0-13_win64_mkl.tar.bz2#0facf207b485dc20c4ef5f8b92c7c949
https://conda.anaconda.org/conda-forge/win-64/giflib-5.2.1-h8d14728_2.tar.bz2#c577cd3be126d95e9a05ee5aa9d2875b
https://conda.anaconda.org/conda-forge/noarch/termcolor-1.1.0-py_2.tar.bz2#c7fd66fedfff76bfe477c6f33c96d83a
https://conda.anaconda.org/conda-forge/noarch/pyjwt-2.3.0-pyhd8ed1ab_1.tar.bz2#b7bc0de380f114658af5fe57cebdcd9e
https://conda.anaconda.org/conda-forge/noarch/wheel-0.35.1-pyh9f0ad1d_0.tar.bz2#126827869be32f21872a2b30ebe2b038
https://conda.anaconda.org/conda-forge/noarch/astunparse-1.6.3-pyhd8ed1ab_0.tar.bz2#000b6f68a0bfaba800ced7500c11780f
https://conda.anaconda.org/conda-forge/win-64/scipy-1.8.0-py38ha1292f7_1.tar.bz2#18623ace6c1d5a2e1c1b294cab3f994c
https://conda.anaconda.org/conda-forge/noarch/patsy-0.5.2-pyhd8ed1ab_0.tar.bz2#2e4e8be763551f60bbfcc22b650e5d49
https://conda.anaconda.org/conda-forge/win-64/ucrt-10.0.20348.0-h57928b3_0.tar.bz2#6d666b6ea8251231ff508062d1e41f9c
https://conda.anaconda.org/conda-forge/win-64/libzlib-1.2.11-h8ffe710_1014.tar.bz2#5e57ffcf6d651d94d329a3e9ce1f8f21
https://conda.anaconda.org/conda-forge/win-64/zstd-1.5.2-h6255e5f_0.tar.bz2#68de506283d23d66cf1e4ce3814d6cdc
https://conda.anaconda.org/conda-forge/win-64/frozenlist-1.3.0-py38h294d835_1.tar.bz2#f9150b2ec3258ce139f0ada2b6d19d4f
https://conda.anaconda.org/conda-forge/win-64/libbrotlidec-1.0.9-h8ffe710_7.tar.bz2#ca57bf17ba92eed4ca2667a4c5df9343
https://conda.anaconda.org/conda-forge/win-64/freetype-2.10.4-h546665d_1.tar.bz2#1215a2e49d23da91c28d97cff8de35ea
https://conda.anaconda.org/conda-forge/noarch/pip-22.0.4-pyhd8ed1ab_0.tar.bz2#b1239ce8ef2a1eec485c398a683c5bff
https://conda.anaconda.org/conda-forge/win-64/yarl-1.7.2-py38h294d835_2.tar.bz2#8ef67ea9ae59c4d9bf3beaf4e2d2d801
https://conda.anaconda.org/conda-forge/win-64/libclang-11.1.0-default_h5c34c98_1.tar.bz2#258e65af4d34033eaa9341b8dd15c7e5
https://conda.anaconda.org/conda-forge/win-64/llvmlite-0.36.0-py38h57a6900_0.tar.bz2#96a9a1a29ae5edf6429ded7d11116313
https://conda.anaconda.org/conda-forge/noarch/pyopenssl-22.0.0-pyhd8ed1ab_0.tar.bz2#1d7e241dfaf5475e893d4b824bb71b44
https://conda.anaconda.org/conda-forge/win-64/krb5-1.19.3-h1176d77_0.tar.bz2#2e0d447ab95d58d3ea1222121ec57f9f
https://conda.anaconda.org/conda-forge/win-64/hdf5-1.12.1-nompi_h2a0e4a3_104.tar.bz2#709e87acdf50633bd823c4467a9b50a1
https://conda.anaconda.org/conda-forge/noarch/pyasn1-0.4.8-py_0.tar.bz2#06d04c9f8f72ac77911db942eda24fb9
https://conda.anaconda.org/conda-forge/win-64/pyqt-5.12.3-py38haa244fe_8.tar.bz2#63554ed9b90b2edddc6598fb1114a2c1
https://conda.anaconda.org/conda-forge/win-64/win_inet_pton-1.1.0-py38haa244fe_4.tar.bz2#8adadd81dc9c22710b69628ec6e6d41a
https://conda.anaconda.org/conda-forge/noarch/seaborn-0.11.2-hd8ed1ab_0.tar.bz2#e56b6a19f4b717eca7c68ad78196b075
https://conda.anaconda.org/conda-forge/noarch/pyparsing-3.0.7-pyhd8ed1ab_0.tar.bz2#727e2216d9c47455d8ddc060eb2caad9
https://conda.anaconda.org/conda-forge/noarch/typing_extensions-4.1.1-pyha770c72_0.tar.bz2#74761ba7bc682e9009520163a1031ace
https://conda.anaconda.org/conda-forge/win-64/grpcio-1.45.0-py38he5377a8_0.tar.bz2#881a7e6ba1cd3ea60909969e25182b11
https://conda.anaconda.org/conda-forge/win-64/numba-0.53.0-py38h5c177ec_0.tar.bz2#6b27eb67d01d54029f9e2ee9e3c76a22
# pip tomli @ https://files.pythonhosted.org/packages/97/75/10a9ebee3fd790d20926a90a2547f0bf78f371b2f13aa822c759680ca7b9/tomli-2.0.1-py3-none-any.whl#md5=None
# pip setuptools-scm @ https://files.pythonhosted.org/packages/e3/e5/c28b544051340e63e0d507eb893c9513d3a300e5e9183e2990518acbfe36/setuptools_scm-6.4.2-py3-none-any.whl#md5=None
# pip hmmlearn @ https://files.pythonhosted.org/packages/7f/33/4427d11597ff3155b571a554228a8c2aad93c05ce5b3034a3fcc4093eaae/hmmlearn-0.2.7-cp38-cp38-win_amd64.whl#md5=None
# pip hmmviz @ https://files.pythonhosted.org/packages/1b/fc/53fd497a3f68911f44fc88844efa96bbb7b55c8777e702109dd369909fc2/hmmviz-0.0.7-py3-none-any.whl#md5=None
