# Generated by conda-lock.
# platform: osx-64
# input_hash: c2cea090beb1dd453539bcf51622ec6ba58971e539367e79c2b27cd6f4477ca2
@EXPLICIT
https://conda.anaconda.org/conda-forge/osx-64/openssl-1.1.1n-h6c3fc93_0.tar.bz2#abb88e2a46c2da71e2644045e4397839
https://conda.anaconda.org/conda-forge/noarch/pycparser-2.21-pyhd8ed1ab_0.tar.bz2#076becd9e05608f8dc72757d5f3a91ff
https://conda.anaconda.org/conda-forge/osx-64/shap-0.40.0-py38ha53d530_1.tar.bz2#450e92fe44153a0a199407dafcd6511b
https://conda.anaconda.org/conda-forge/osx-64/libwebp-base-1.2.2-h0d85af4_1.tar.bz2#052369eda6e13f44b308407c99857f84
https://conda.anaconda.org/conda-forge/noarch/urllib3-1.26.9-pyhd8ed1ab_0.tar.bz2#0ea179ee251aa7100807c35bc0252693
https://conda.anaconda.org/conda-forge/osx-64/statsmodels-0.13.2-py38hbe852b5_0.tar.bz2#4705d478e6d841c01f6011bff79d2c9e
https://conda.anaconda.org/conda-forge/osx-64/krb5-1.19.3-hb49756b_0.tar.bz2#e60363be26ab2a74326c06195d638447
https://conda.anaconda.org/conda-forge/noarch/google-auth-1.35.0-pyh6c4a22f_0.tar.bz2#e9e51ec25b36547a4192a1953df66a8c
https://conda.anaconda.org/conda-forge/noarch/pydtmc-6.10.0-pyhd8ed1ab_0.tar.bz2#eb6a56e14bc19ca09d8f8f9ef4ed7985
https://conda.anaconda.org/conda-forge/osx-64/libprotobuf-3.19.4-hcf210ce_0.tar.bz2#00feb1836b9b452beb42a9cc4e6c45f4
https://conda.anaconda.org/conda-forge/osx-64/abseil-cpp-20210324.2-he49afe7_0.tar.bz2#7ada5c1455955c8fee7c8ee3beace5f4
https://conda.anaconda.org/conda-forge/noarch/pyopenssl-22.0.0-pyhd8ed1ab_0.tar.bz2#1d7e241dfaf5475e893d4b824bb71b44
https://conda.anaconda.org/conda-forge/noarch/gast-0.4.0-pyh9f0ad1d_0.tar.bz2#42323c77b73462199fca93bc8ac9279d
https://conda.anaconda.org/conda-forge/osx-64/ruamel.yaml-0.17.21-py38hed1de0f_1.tar.bz2#4b4f1ba7cb424bd379784935c21e362c
https://conda.anaconda.org/conda-forge/osx-64/kiwisolver-1.4.2-py38h8b7791e_1.tar.bz2#8fa3f07234b57e78cbaf2a1206162db8
https://conda.anaconda.org/conda-forge/osx-64/openjpeg-2.4.0-h6e7aa92_1.tar.bz2#c8cbb6d99f6467246ac26a139256e50f
https://conda.anaconda.org/conda-forge/noarch/cached-property-1.5.2-hd8ed1ab_1.tar.bz2#9b347a7ec10940d3f7941ff6c460b551
https://conda.anaconda.org/conda-forge/osx-64/numpy-1.22.3-py38hd52c74b_1.tar.bz2#602659bfd9307db5091f9c03514beffa
https://conda.anaconda.org/conda-forge/osx-64/libnghttp2-1.47.0-h942079c_0.tar.bz2#86fc370e607a269b64ac6fa5d29e55e8
https://conda.anaconda.org/conda-forge/osx-64/future-0.18.2-py38h50d1736_5.tar.bz2#acaea98a0d9f14580661dc67e713335b
https://conda.anaconda.org/conda-forge/osx-64/fonttools-4.31.2-py38hed1de0f_0.tar.bz2#f630de6c8c0f48a2b970cf239c6c08f0
https://conda.anaconda.org/conda-forge/osx-64/libffi-3.4.2-h0d85af4_5.tar.bz2#ccb34fb14960ad8b125962d3d79b31a9
https://conda.anaconda.org/conda-forge/osx-64/scipy-1.8.0-py38hd329d04_1.tar.bz2#995c63aa4995113a64459539cf74b53a
https://conda.anaconda.org/conda-forge/osx-64/grpcio-1.42.0-py38h4924b5d_0.tar.bz2#2cee744fe2a0a42388ad4c67ca0b2c67
https://conda.anaconda.org/conda-forge/osx-64/libcxx-13.0.1-hc203e6f_0.tar.bz2#c451c3b02dea73d320d1395252fc006c
https://conda.anaconda.org/conda-forge/osx-64/libblas-3.9.0-13_osx64_mkl.tar.bz2#8bb58f59a004fb69500ceb3eceeff75d
https://conda.anaconda.org/conda-forge/noarch/seaborn-0.11.2-hd8ed1ab_0.tar.bz2#e56b6a19f4b717eca7c68ad78196b075
https://repo.anaconda.com/pkgs/main/osx-64/intel-openmp-2022.0.0-hecd8cb5_3615.conda#23bd56bb51103e1a6d10e5e4d33ec694
https://conda.anaconda.org/conda-forge/noarch/werkzeug-2.1.1-pyhd8ed1ab_0.tar.bz2#559004facf16ddf15489e326df3f63c2
https://conda.anaconda.org/conda-forge/noarch/keras-preprocessing-1.1.2-pyhd8ed1ab_0.tar.bz2#a79b00989a0d89791021902f37fe2f9e
https://conda.anaconda.org/conda-forge/noarch/pyasn1-0.4.8-py_0.tar.bz2#06d04c9f8f72ac77911db942eda24fb9
https://conda.anaconda.org/conda-forge/noarch/attrs-21.4.0-pyhd8ed1ab_0.tar.bz2#f70280205d7044c8b8358c8de3190e5d
https://conda.anaconda.org/conda-forge/noarch/wheel-0.37.1-pyhd8ed1ab_0.tar.bz2#1ca02aaf78d9c70d9a81a3bed5752022
https://conda.anaconda.org/conda-forge/osx-64/libzlib-1.2.11-h6c3fc93_1014.tar.bz2#49f20ed86f7ed34204be74fbb2868c60
https://conda.anaconda.org/conda-forge/osx-64/llvm-openmp-13.0.1-hcb1a161_1.tar.bz2#38a61d0f6d505ff4d9f214e924c351bb
https://conda.anaconda.org/conda-forge/osx-64/pyyaml-6.0-py38hed1de0f_4.tar.bz2#827c0e27214cb208fa43fe4d6230546e
https://conda.anaconda.org/conda-forge/osx-64/brotli-bin-1.0.9-h5eb16cf_7.tar.bz2#6ae0a8419a03d0d9675f319bef66d3aa
https://conda.anaconda.org/conda-forge/osx-64/xorg-libxdmcp-1.1.3-h35c211d_0.tar.bz2#86ac76d6bf1cbb9621943eb3bd9ae36e
https://conda.anaconda.org/conda-forge/osx-64/gnutls-3.6.13-h756fd2b_1.tar.bz2#cf812214a917b4d48ce536d427770ec9
https://conda.anaconda.org/conda-forge/noarch/pip-22.0.4-pyhd8ed1ab_0.tar.bz2#b1239ce8ef2a1eec485c398a683c5bff
https://conda.anaconda.org/conda-forge/osx-64/tornado-6.1-py38hed1de0f_3.tar.bz2#00afaf227b168ff6435abfeb352c58d7
https://conda.anaconda.org/conda-forge/osx-64/libxcb-1.13-h0d85af4_1004.tar.bz2#eb7860935e14aec936065cbc21a1a962
https://conda.anaconda.org/conda-forge/osx-64/h5py-3.6.0-nompi_py38h9f21798_100.tar.bz2#3e0d271d9b97a3167fc16dd5957938b3
https://conda.anaconda.org/conda-forge/noarch/prettytable-3.2.0-pyhd8ed1ab_0.tar.bz2#c756bde472ecc37559e0ba949cd907a5
https://conda.anaconda.org/conda-forge/noarch/python-dateutil-2.8.2-pyhd8ed1ab_0.tar.bz2#dd999d1cc9f79e67dbb855c8924c7984
https://conda.anaconda.org/conda-forge/noarch/munkres-1.1.4-pyh9f0ad1d_0.tar.bz2#2ba8498c1018c1e9c61eb99b973dfe19
https://conda.anaconda.org/conda-forge/noarch/google-auth-oauthlib-0.4.6-pyhd8ed1ab_0.tar.bz2#430db61bdfa0b37903ef73d84bcea2c9
https://conda.anaconda.org/conda-forge/noarch/zipp-3.8.0-pyhd8ed1ab_0.tar.bz2#050b94cf4a8c760656e51d2d44e4632c
https://conda.anaconda.org/conda-forge/osx-64/lame-3.100-h35c211d_1001.tar.bz2#6bb207f7b08380ce2bc833bb60f91046
https://conda.anaconda.org/conda-forge/osx-64/pillow-9.1.0-py38h7207f37_0.tar.bz2#d1dfeab1d540cdf25bb781369e3564a0
https://conda.anaconda.org/conda-forge/noarch/pyjwt-2.3.0-pyhd8ed1ab_1.tar.bz2#b7bc0de380f114658af5fe57cebdcd9e
https://conda.anaconda.org/conda-forge/noarch/charset-normalizer-2.0.12-pyhd8ed1ab_0.tar.bz2#1f5b32dabae0f1893ae3283dac7f799e
https://conda.anaconda.org/conda-forge/osx-64/cryptography-36.0.2-py38h826b3c8_1.tar.bz2#a691a647fb448b2456165cbdc23f104c
https://conda.anaconda.org/conda-forge/osx-64/libbrotlienc-1.0.9-h5eb16cf_7.tar.bz2#16993c3cd38b5ad4980b0934ac308ef6
https://conda.anaconda.org/conda-forge/osx-64/tk-8.6.12-h5dbffcc_0.tar.bz2#8e9480d9c47061db2ed1b4ecce519a7f
https://conda.anaconda.org/conda-forge/noarch/pyparsing-3.0.7-pyhd8ed1ab_0.tar.bz2#727e2216d9c47455d8ddc060eb2caad9
https://conda.anaconda.org/conda-forge/osx-64/grpc-cpp-1.42.0-h6da9ac5_1.tar.bz2#0cb9c968db1941b83044a101b5e47865
https://conda.anaconda.org/conda-forge/osx-64/setuptools-59.5.0-py38h50d1736_0.tar.bz2#5b5563de1cc3858dab77f43941f218f6
https://conda.anaconda.org/conda-forge/noarch/tensorboard-2.6.0-pyhd8ed1ab_1.tar.bz2#5ea59c2bbd714e8930c23b50857ef864
https://conda.anaconda.org/conda-forge/osx-64/ffmpeg-4.3.2-hbf27d7b_3.tar.bz2#cd520617ca70b89364be45571c679195
https://conda.anaconda.org/conda-forge/osx-64/jpeg-9e-h0d85af4_0.tar.bz2#46a9053a493c567e32fc0519d9bfc860
https://conda.anaconda.org/conda-forge/noarch/async-timeout-4.0.2-pyhd8ed1ab_0.tar.bz2#25e79f9a1133556671becbd65a170c78
https://conda.anaconda.org/conda-forge/noarch/markdown-3.3.6-pyhd8ed1ab_0.tar.bz2#e7cbd93fe74dc4a06b4b494d60c659a9
https://conda.anaconda.org/conda-forge/osx-64/openh264-2.1.1-hfd3ada9_0.tar.bz2#468e32402dae56c73b29fb74160a9b2a
https://conda.anaconda.org/conda-forge/noarch/termcolor-1.1.0-py_2.tar.bz2#c7fd66fedfff76bfe477c6f33c96d83a
https://conda.anaconda.org/conda-forge/osx-64/libev-4.33-haf1e3a3_1.tar.bz2#79dc2be110b2a3d1e97ec21f691c50ad
https://conda.anaconda.org/conda-forge/osx-64/ruamel.yaml.clib-0.2.6-py38hed1de0f_1.tar.bz2#7f96f118415081f58c13b343dd8e3261
https://conda.anaconda.org/conda-forge/osx-64/scikit-learn-1.0.2-py38h37f3bb3_0.tar.bz2#b6ba23ba89b7164bf046ac0c242874c1
https://conda.anaconda.org/conda-forge/noarch/astunparse-1.6.3-pyhd8ed1ab_0.tar.bz2#000b6f68a0bfaba800ced7500c11780f
https://conda.anaconda.org/conda-forge/noarch/python-flatbuffers-2.0-pyhd8ed1ab_0.tar.bz2#4df5b030a147e0e86cba6a08b4e3a89a
https://conda.anaconda.org/conda-forge/osx-64/tensorflow-2.7.0-cpu_py38he866dac_0.tar.bz2#8ec6937dd004deaed760932d2f6063a8
https://conda.anaconda.org/conda-forge/noarch/requests-oauthlib-1.3.1-pyhd8ed1ab_0.tar.bz2#61b279f051eef9c89d58f4d813e75e04
https://conda.anaconda.org/conda-forge/osx-64/hdf5-1.12.1-nompi_ha60fbc9_104.tar.bz2#5e6d162483efc7f2f2be1dddfed954f4
https://conda.anaconda.org/conda-forge/noarch/colorama-0.4.4-pyh9f0ad1d_0.tar.bz2#c08b4c1326b880ed44f3ffb04803332f
https://conda.anaconda.org/conda-forge/osx-64/cffi-1.15.0-py38h1a44b6c_0.tar.bz2#3ec046bfb079a655aeba431cc7371ab7
https://conda.anaconda.org/conda-forge/osx-64/re2-2021.11.01-he49afe7_0.tar.bz2#0fdbc27fc0cfe4873554514762905562
https://conda.anaconda.org/conda-forge/osx-64/ncurses-6.3-he49afe7_0.tar.bz2#2b8a6df0c28a466781832cbd036a73b7
https://conda.anaconda.org/conda-forge/noarch/google-pasta-0.2.0-pyh8c360ce_0.tar.bz2#26e27d7d3d7fe2336b543dd8e0f12cbf
https://conda.anaconda.org/conda-forge/osx-64/libbrotlicommon-1.0.9-h5eb16cf_7.tar.bz2#898a296a93b36e42a065963bb4504f2b
https://conda.anaconda.org/conda-forge/osx-64/lz4-c-1.9.3-he49afe7_1.tar.bz2#05c08241b66631c00ca4f9e0b75320bc
https://conda.anaconda.org/conda-forge/osx-64/yarl-1.7.2-py38hed1de0f_2.tar.bz2#5573528add3ef499e2ebec3c0a4c801e
https://conda.anaconda.org/conda-forge/osx-64/jbig-2.1-h0d85af4_2003.tar.bz2#4d76d11d3a256931926099498aa3565b
https://conda.anaconda.org/conda-forge/osx-64/llvmlite-0.36.0-py38h872f124_0.tar.bz2#4f2f6cb8e2212d9933fbf8729c5641e5
https://conda.anaconda.org/conda-forge/osx-64/xz-5.2.5-haf1e3a3_1.tar.bz2#41116deb499e9bc58048c297d6403ce6
https://conda.anaconda.org/conda-forge/noarch/pyasn1-modules-0.2.7-py_0.tar.bz2#ad1e886d09700b2304975335f714bd9c
https://conda.anaconda.org/conda-forge/osx-64/multidict-6.0.2-py38hed1de0f_1.tar.bz2#a891e455d2c1014bc0781cd30322703a
https://conda.anaconda.org/conda-forge/osx-64/pysocks-1.7.1-py38h50d1736_5.tar.bz2#b417ade9775612d9a2520b12bbab2cb0
https://conda.anaconda.org/conda-forge/noarch/keras-2.7.0-pyhd8ed1ab_0.tar.bz2#394fc4295ee04f601e9f73503dbb935a
https://conda.anaconda.org/conda-forge/osx-64/ninja-1.10.2-h940c156_1.tar.bz2#69ff5166bc008c1f29204fbab48c9a5e
https://conda.anaconda.org/conda-forge/osx-64/numba-0.53.1-py38h5b9a75a_1.tar.bz2#b547323b20986d1d2fc3307b9b663345
https://conda.anaconda.org/conda-forge/osx-64/libssh2-1.10.0-h52ee1ee_2.tar.bz2#8c8f3804e8e252b47443cfe8e40eddf9
https://conda.anaconda.org/conda-forge/noarch/typing_extensions-4.1.1-pyha770c72_0.tar.bz2#74761ba7bc682e9009520163a1031ace
https://conda.anaconda.org/conda-forge/noarch/requests-2.27.1-pyhd8ed1ab_0.tar.bz2#7c1c427246b057b8fa97200ecdb2ed62
https://conda.anaconda.org/conda-forge/osx-64/bzip2-1.0.8-h0d85af4_4.tar.bz2#37edc4e6304ca87316e160f5ca0bd1b5
https://conda.anaconda.org/conda-forge/noarch/packaging-21.3-pyhd8ed1ab_0.tar.bz2#71f1ab2de48613876becddd496371c85
https://conda.anaconda.org/conda-forge/noarch/cachetools-4.2.4-pyhd8ed1ab_0.tar.bz2#059a8732c1d81ffc93997cb8a236331f
https://conda.anaconda.org/conda-forge/noarch/joblib-1.1.0-pyhd8ed1ab_0.tar.bz2#07d1b5c8cde14d95998fd4767e1e62d2
https://conda.anaconda.org/conda-forge/osx-64/sleef-3.5.1-h6db0672_2.tar.bz2#16665e88f0b36693ca95dbae9b294e68
https://conda.anaconda.org/conda-forge/osx-64/click-8.1.2-py38h50d1736_0.tar.bz2#61e85b731465a963ea10404f8fe60ff2
https://conda.anaconda.org/conda-forge/osx-64/readline-8.1-h05e3726_0.tar.bz2#2832e9b6a7caa7cb192fcda6cfcd8871
https://conda.anaconda.org/conda-forge/osx-64/libiconv-1.16-haf1e3a3_0.tar.bz2#c5fab167412a52e491c8e11453ae016f
https://conda.anaconda.org/conda-forge/osx-64/ca-certificates-2021.10.8-h033912b_0.tar.bz2#bb82d0243db9882b509702ecb69e38f0
https://conda.anaconda.org/conda-forge/osx-64/matplotlib-3.5.1-py38h50d1736_0.tar.bz2#822c7695af0025929dcf198b3938c51a
https://conda.anaconda.org/conda-forge/osx-64/liblapack-3.9.0-13_osx64_mkl.tar.bz2#5aabc941a6304d05acb811c09da9ee21
https://conda.anaconda.org/conda-forge/osx-64/nettle-3.6-hedd7734_0.tar.bz2#9c9d5d69c39596b22a7495aef3310a3d
https://conda.anaconda.org/conda-forge/noarch/idna-3.3-pyhd8ed1ab_0.tar.bz2#40b50b8b030f5f2f22085c062ed013dd
https://conda.anaconda.org/conda-forge/osx-64/sqlite-3.37.1-hb516253_0.tar.bz2#74b34f1a97c76b71f5f2b1fecbb6bec8
https://conda.anaconda.org/conda-forge/noarch/wcwidth-0.2.5-pyh9f0ad1d_2.tar.bz2#5266fcd697043c59621fda522b3d78ee
https://conda.anaconda.org/conda-forge/noarch/slicer-0.0.7-pyhd8ed1ab_0.tar.bz2#9b077f431e8b2fe06d987d450e158dc7
https://conda.anaconda.org/conda-forge/osx-64/tensorflow-estimator-2.7.0-cpu_py38h1b4517c_0.tar.bz2#846f71b3261f9649166e3c9af929c921
https://conda.anaconda.org/conda-forge/osx-64/gmp-6.2.1-h2e338ed_0.tar.bz2#dedc96914428dae572a39e69ee2a392f
https://conda.anaconda.org/conda-forge/noarch/backports-1.0-py_2.tar.bz2#0da16b293affa6ac31812376f8eb79dd
https://conda.anaconda.org/conda-forge/osx-64/aiohttp-3.8.1-py38hed1de0f_1.tar.bz2#a2dd66d4e43ce11e3f67abc9cd4cfa96
https://conda.anaconda.org/conda-forge/noarch/patsy-0.5.2-pyhd8ed1ab_0.tar.bz2#2e4e8be763551f60bbfcc22b650e5d49
https://conda.anaconda.org/conda-forge/osx-64/tensorflow-base-2.7.0-cpu_py38h91e8603_0.tar.bz2#7b0f2102aa72379eaa9cc753935223b5
https://conda.anaconda.org/conda-forge/noarch/opt_einsum-3.3.0-pyhd8ed1ab_1.tar.bz2#ba523f5bdd2e452e43c73b7e4b928799
https://repo.anaconda.com/pkgs/main/osx-64/mkl-2022.0.0-hecd8cb5_105.conda#be80687f765f93ba908bf7260d812f02
https://conda.anaconda.org/conda-forge/osx-64/libdeflate-1.10-h0d85af4_0.tar.bz2#98a4bf0073c56678453dd86845d3bcc9
https://conda.anaconda.org/conda-forge/osx-64/protobuf-3.19.4-py38ha048514_0.tar.bz2#2598f6ec7857383be09dd5dcd063c59c
https://conda.anaconda.org/conda-forge/noarch/seaborn-base-0.11.2-pyhd8ed1ab_0.tar.bz2#fe2303dc8f1febeb82d927ce8ad153ed
https://conda.anaconda.org/conda-forge/osx-64/xorg-libxau-1.0.9-h35c211d_0.tar.bz2#c5049997b2e98edfbcdd294582f66281
https://conda.anaconda.org/pytorch/noarch/cpuonly-2.0-0.tar.bz2#1cf3a59ef90a4078c253e3b02c272065
https://conda.anaconda.org/conda-forge/osx-64/libllvm10-10.0.1-h009f743_3.tar.bz2#cc65eb0b26253d2789320bfd661852f9
https://conda.anaconda.org/conda-forge/osx-64/lcms2-2.12-h577c468_0.tar.bz2#abce77b852b73670e85e104746b0ea1b
https://conda.anaconda.org/conda-forge/osx-64/zstd-1.5.2-h582d3a0_0.tar.bz2#df9ed22d1725b8fecaede2d579fd6bc4
https://conda.anaconda.org/conda-forge/osx-64/torchvision-0.11.3-cpu_py38h7785b7d_2.tar.bz2#1977c48ac61d1ec354b862bcb5efa420
https://conda.anaconda.org/conda-forge/osx-64/libgfortran-5.0.0-9_3_0_h6c81a4c_23.tar.bz2#60f48cef2d50674e0428c5579b6c3f66
https://conda.anaconda.org/conda-forge/osx-64/wrapt-1.14.0-py38hed1de0f_0.tar.bz2#66b466c5c94d671117fe7d1a49d9f9c2
https://conda.anaconda.org/conda-forge/noarch/tqdm-4.64.0-pyhd8ed1ab_0.tar.bz2#6642233f341e1900d0c8e6eddb979c14
https://conda.anaconda.org/conda-forge/noarch/six-1.16.0-pyh6c4a22f_0.tar.bz2#e5f25f8dbc060e9a8d912e432202afc2
https://conda.anaconda.org/conda-forge/noarch/pytz-2022.1-pyhd8ed1ab_0.tar.bz2#b87d66d6d3991d988fb31510c95a9267
https://conda.anaconda.org/conda-forge/noarch/pyu2f-0.1.5-pyhd8ed1ab_0.tar.bz2#caabbeaa83928d0c3e3949261daa18eb
https://conda.anaconda.org/conda-forge/osx-64/lerc-3.0-he49afe7_0.tar.bz2#a1d21f85e4b0d5e27a88ecab5e3961da
https://conda.anaconda.org/conda-forge/noarch/cycler-0.11.0-pyhd8ed1ab_0.tar.bz2#a50559fad0affdbb33729a68669ca1cb
https://conda.anaconda.org/conda-forge/osx-64/icu-69.1-he49afe7_0.tar.bz2#ee3bde95f8c74ebd296543525775ada5
https://conda.anaconda.org/conda-forge/noarch/rsa-4.8-pyhd8ed1ab_0.tar.bz2#0fdcca8ad4e0e66bde199c40f2d1019a
https://conda.anaconda.org/conda-forge/osx-64/pandas-1.4.2-py38hb872667_0.tar.bz2#2c9d5c1fa81951aa456b6d4b82dcb7c7
https://conda.anaconda.org/conda-forge/osx-64/libpng-1.6.37-h7cec526_2.tar.bz2#9e52521faba2b53269672628d34e1513
https://conda.anaconda.org/conda-forge/osx-64/giflib-5.2.1-hbcb3906_2.tar.bz2#be8f747c37e4d7e346c133e641966750
https://conda.anaconda.org/conda-forge/osx-64/brotli-1.0.9-h5eb16cf_7.tar.bz2#d3320319f06d6adb52ed01e1839475a1
https://conda.anaconda.org/conda-forge/osx-64/x264-1!161.3030-h0d85af4_1.tar.bz2#3162269a4e63ed7dcf34ffef591aef94
https://conda.anaconda.org/conda-forge/osx-64/python_abi-3.8-2_cp38.tar.bz2#156803acb0247c263c9586f190b72f1c
https://conda.anaconda.org/conda-forge/osx-64/pthread-stubs-0.4-hc929b4f_1001.tar.bz2#addd19059de62181cd11ae8f4ef26084
https://conda.anaconda.org/conda-forge/osx-64/c-ares-1.18.1-h0d85af4_0.tar.bz2#00b3e98a61e6430808fe7a2534681f28
https://conda.anaconda.org/conda-forge/osx-64/libbrotlidec-1.0.9-h5eb16cf_7.tar.bz2#2f53da3dfe9d14ef4666ad2558df8615
https://conda.anaconda.org/conda-forge/noarch/tensorboard-plugin-wit-1.8.1-pyhd8ed1ab_0.tar.bz2#0adae6ededf20046d74a3f9343269efd
https://conda.anaconda.org/conda-forge/osx-64/unicodedata2-14.0.0-py38h96a0964_0.tar.bz2#db0be5335e0d3c57b55052e23d0697d3
https://conda.anaconda.org/conda-forge/osx-64/libgfortran5-9.3.0-h6c81a4c_23.tar.bz2#a6956ceb628b14594613cefee5127a7a
https://conda.anaconda.org/conda-forge/noarch/aiosignal-1.2.0-pyhd8ed1ab_0.tar.bz2#68c9a0ab410c72abd24cbaac57703519
https://conda.anaconda.org/conda-forge/noarch/networkx-2.7.1-pyhd8ed1ab_1.tar.bz2#574dd6737cce351472f74027573cf071
https://conda.anaconda.org/conda-forge/osx-64/certifi-2021.10.8-py38h50d1736_2.tar.bz2#667c7231c06df3912f906e4045649805
https://conda.anaconda.org/conda-forge/osx-64/libedit-3.1.20191231-h0678c8f_2.tar.bz2#6016a8a1d0e63cac3de2c352cd40208b
https://conda.anaconda.org/conda-forge/osx-64/tensorboard-data-server-0.6.0-py38h56c4533_1.tar.bz2#4066a5345a9cf21def5ec5d5a00743eb
https://conda.anaconda.org/conda-forge/noarch/oauthlib-3.2.0-pyhd8ed1ab_0.tar.bz2#ecc95c82c788737d6d33f5d564566d89
https://conda.anaconda.org/conda-forge/osx-64/frozenlist-1.3.0-py38hed1de0f_1.tar.bz2#fef8e479fb938d60cd6453471cc6f330
https://conda.anaconda.org/conda-forge/osx-64/importlib-metadata-4.11.3-py38h50d1736_1.tar.bz2#4ce01a8d6c1612eec259e3f5d11fee63
https://conda.anaconda.org/conda-forge/osx-64/zlib-1.2.11-h6c3fc93_1014.tar.bz2#98b82f6a8de694bc6259f2d1a69bc02b
https://conda.anaconda.org/conda-forge/noarch/threadpoolctl-3.1.0-pyh8a188c0_0.tar.bz2#a2995ee828f65687ac5b1e71a2ab1e0c
https://conda.anaconda.org/conda-forge/osx-64/freetype-2.10.4-h4cff582_1.tar.bz2#5a136a432c6062362cd7990c514bd8d6
https://conda.anaconda.org/conda-forge/osx-64/brotlipy-0.7.0-py38hed1de0f_1004.tar.bz2#157c0392031cd8d8c3153f92121642de
https://conda.anaconda.org/conda-forge/noarch/blinker-1.4-py_1.tar.bz2#fa509a09190583f869ae442bf4d17f5f
https://conda.anaconda.org/conda-forge/noarch/cloudpickle-2.0.0-pyhd8ed1ab_0.tar.bz2#3a8fc8b627d5fb6af827e126a10a86c6
https://conda.anaconda.org/conda-forge/osx-64/gettext-0.19.8.1-hd1a6beb_1008.tar.bz2#28c370fc39becf486601d9e491a5e184
https://conda.anaconda.org/conda-forge/osx-64/pytorch-1.10.2-cpu_py38h2cb30f8_1.tar.bz2#14cc11d6946a85d2a8529dd79d164e4a
https://conda.anaconda.org/pytorch/noarch/pytorch-mutex-1.0-cpu.tar.bz2#49565ed726991fd28d08a39885caa88d
https://conda.anaconda.org/conda-forge/osx-64/libcblas-3.9.0-13_osx64_mkl.tar.bz2#789047926099969701982d6ce7ffa2b0
https://conda.anaconda.org/conda-forge/noarch/backports.functools_lru_cache-1.6.4-pyhd8ed1ab_0.tar.bz2#c5b3edc62d6309088f4970b3eaaa65a6
https://conda.anaconda.org/conda-forge/noarch/typing-extensions-4.1.1-hd8ed1ab_0.tar.bz2#9d1b5bbaa13bca480c80893a87a52c4f
https://conda.anaconda.org/conda-forge/osx-64/libtiff-4.3.0-h17f2ce3_3.tar.bz2#8a2611163920a17b13a1325bb70d7293
https://conda.anaconda.org/conda-forge/noarch/absl-py-1.0.0-pyhd8ed1ab_0.tar.bz2#02c130eff347bac9e31fd5dbffb54c44
https://conda.anaconda.org/conda-forge/noarch/cached_property-1.5.2-pyha770c72_1.tar.bz2#576d629e47797577ab0f1b351297ef4a
https://conda.anaconda.org/conda-forge/osx-64/yaml-0.2.5-h0d85af4_2.tar.bz2#d7e08fcf8259d742156188e8762b4d20
https://conda.anaconda.org/conda-forge/osx-64/libwebp-1.2.2-h28dabe5_0.tar.bz2#6aa31e81854e3172dae89300ae9a5444
https://conda.anaconda.org/conda-forge/osx-64/matplotlib-base-3.5.1-py38hc7d2367_0.tar.bz2#bad55ca191ceedaf38838f6714352833
https://conda.anaconda.org/conda-forge/osx-64/libcurl-7.82.0-h9f20792_0.tar.bz2#ba2d9c3716c778fc9eb286a0a81fc519
https://conda.anaconda.org/conda-forge/osx-64/python-3.8.13-h394c593_0_cpython.tar.bz2#6d0c7bf13396e2f00e57cbd929f697f8
https://conda.anaconda.org/conda-forge/osx-64/snappy-1.1.8-hb1e8313_3.tar.bz2#73b65b3935375b56deb96f6794ed721e
# pip tomli @ https://files.pythonhosted.org/packages/97/75/10a9ebee3fd790d20926a90a2547f0bf78f371b2f13aa822c759680ca7b9/tomli-2.0.1-py3-none-any.whl#md5=None
# pip setuptools-scm @ https://files.pythonhosted.org/packages/e3/e5/c28b544051340e63e0d507eb893c9513d3a300e5e9183e2990518acbfe36/setuptools_scm-6.4.2-py3-none-any.whl#md5=None
# pip hmmlearn @ https://files.pythonhosted.org/packages/3d/6f/0ec7056f40d92adb1d810a624e702b05f60cc64196ef976c8a1fc9778568/hmmlearn-0.2.7.tar.gz#md5=None
# pip hmmviz @ https://files.pythonhosted.org/packages/1b/fc/53fd497a3f68911f44fc88844efa96bbb7b55c8777e702109dd369909fc2/hmmviz-0.0.7-py3-none-any.whl#md5=None
